
Microsoft Visual Studio Solution File, Format Version 12.00
# Visual Studio Version 17
VisualStudioVersion = 17.12.35527.113 d17.12
MinimumVisualStudioVersion = 10.0.40219.1
Project("{FAE04EC0-301F-11D3-BF4B-00C04F79EFBC}") = "App.Api", "App.Api\App.Api.csproj", "{FC17E8E8-EB17-4DDA-A2AA-08D4ED51221A}"
EndProject
Project("{FAE04EC0-301F-11D3-BF4B-00C04F79EFBC}") = "App.Api.Tests", "App.Api.Tests\App.Api.Tests.csproj", "{AD981D29-6619-4830-B1D5-5F159E0F2837}"
EndProject
Global
	GlobalSection(SolutionConfigurationPlatforms) = preSolution
		Debug|Any CPU = Debug|Any CPU
		Release|Any CPU = Release|Any CPU
	EndGlobalSection
	GlobalSection(ProjectConfigurationPlatforms) = postSolution
		{FC17E8E8-EB17-4DDA-A2AA-08D4ED51221A}.Debug|Any CPU.ActiveCfg = Debug|Any CPU
		{FC17E8E8-EB17-4DDA-A2AA-08D4ED51221A}.Debug|Any CPU.Build.0 = Debug|Any CPU
		{FC17E8E8-EB17-4DDA-A2AA-08D4ED51221A}.Release|Any CPU.ActiveCfg = Release|Any CPU
		{FC17E8E8-EB17-4DDA-A2AA-08D4ED51221A}.Release|Any CPU.Build.0 = Release|Any CPU
		{2AF17FDA-FC0A-4814-BBC4-071265C281FF}.Debug|Any CPU.ActiveCfg = Debug|Any CPU
		{2AF17FDA-FC0A-4814-BBC4-071265C281FF}.Debug|Any CPU.Build.0 = Debug|Any CPU
		{2AF17FDA-FC0A-4814-BBC4-071265C281FF}.Release|Any CPU.ActiveCfg = Release|Any CPU
		{2AF17FDA-FC0A-4814-BBC4-071265C281FF}.Release|Any CPU.Build.0 = Release|Any CPU
		{AD981D29-6619-4830-B1D5-5F159E0F2837}.Debug|Any CPU.ActiveCfg = Debug|Any CPU
		{AD981D29-6619-4830-B1D5-5F159E0F2837}.Debug|Any CPU.Build.0 = Debug|Any CPU
		{AD981D29-6619-4830-B1D5-5F159E0F2837}.Release|Any CPU.ActiveCfg = Release|Any CPU
		{AD981D29-6619-4830-B1D5-5F159E0F2837}.Release|Any CPU.Build.0 = Release|Any CPU
	EndGlobalSection
	GlobalSection(SolutionProperties) = preSolution
		HideSolutionNode = FALSE
	EndGlobalSection
EndGlobal
